// !$*UTF8*$!
{
	archiveVersion = 1;
	classes = {
	};
	objectVersion = 48;
	objects = {

/* Begin PBXBuildFile section */
		0D238D9E1C8FD1E8FBE43061 /* Pods_TBOLog_macOS.framework in Frameworks */ = {isa = PBXBuildFile; fileRef = C295FA95C2C3B76A921866A2 /* Pods_TBOLog_macOS.framework */; };
		3945974D2FFA5A3F83F4A380 /* Pods_TBOLog_iOS.framework in Frameworks */ = {isa = PBXBuildFile; fileRef = 374C55BE6529DCBF7050184F /* Pods_TBOLog_iOS.framework */; };
		79835F401F9240AD0015B36B /* AppDelegate.swift in Sources */ = {isa = PBXBuildFile; fileRef = 79835F3F1F9240AD0015B36B /* AppDelegate.swift */; };
		79835F421F9240AD0015B36B /* ViewController.swift in Sources */ = {isa = PBXBuildFile; fileRef = 79835F411F9240AD0015B36B /* ViewController.swift */; };
		79835F441F9240AD0015B36B /* Assets.xcassets in Resources */ = {isa = PBXBuildFile; fileRef = 79835F431F9240AD0015B36B /* Assets.xcassets */; };
		79835F471F9240AD0015B36B /* Main.storyboard in Resources */ = {isa = PBXBuildFile; fileRef = 79835F451F9240AD0015B36B /* Main.storyboard */; };
		79835F541F9240C50015B36B /* AppDelegate.swift in Sources */ = {isa = PBXBuildFile; fileRef = 79835F531F9240C50015B36B /* AppDelegate.swift */; };
		79835F561F9240C50015B36B /* ViewController.swift in Sources */ = {isa = PBXBuildFile; fileRef = 79835F551F9240C50015B36B /* ViewController.swift */; };
		79835F591F9240C50015B36B /* Main.storyboard in Resources */ = {isa = PBXBuildFile; fileRef = 79835F571F9240C50015B36B /* Main.storyboard */; };
		79835F5B1F9240C50015B36B /* Assets.xcassets in Resources */ = {isa = PBXBuildFile; fileRef = 79835F5A1F9240C50015B36B /* Assets.xcassets */; };
		79835F5E1F9240C50015B36B /* LaunchScreen.storyboard in Resources */ = {isa = PBXBuildFile; fileRef = 79835F5C1F9240C50015B36B /* LaunchScreen.storyboard */; };
/* End PBXBuildFile section */

/* Begin PBXFileReference section */
		078DF07929A7A3E23D691F7E /* Pods-TBOLoger_macOS.debug.xcconfig */ = {isa = PBXFileReference; includeInIndex = 1; lastKnownFileType = text.xcconfig; name = "Pods-TBOLoger_macOS.debug.xcconfig"; path = "Pods/Target Support Files/Pods-TBOLoger_macOS/Pods-TBOLoger_macOS.debug.xcconfig"; sourceTree = "<group>"; };
		10C49BF8078AA8FE99DD77C0 /* Pods-TBOLoger_macOS.release.xcconfig */ = {isa = PBXFileReference; includeInIndex = 1; lastKnownFileType = text.xcconfig; name = "Pods-TBOLoger_macOS.release.xcconfig"; path = "Pods/Target Support Files/Pods-TBOLoger_macOS/Pods-TBOLoger_macOS.release.xcconfig"; sourceTree = "<group>"; };
		2D1519CD103FCE38743204A0 /* Pods_TBOLoger_iOS.framework */ = {isa = PBXFileReference; explicitFileType = wrapper.framework; includeInIndex = 0; path = Pods_TBOLoger_iOS.framework; sourceTree = BUILT_PRODUCTS_DIR; };
		374C55BE6529DCBF7050184F /* Pods_TBOLog_iOS.framework */ = {isa = PBXFileReference; explicitFileType = wrapper.framework; includeInIndex = 0; path = Pods_TBOLog_iOS.framework; sourceTree = BUILT_PRODUCTS_DIR; };
		3D450E1B7CECF564D603EA5D /* Pods-TBOLoger_iOS.debug.xcconfig */ = {isa = PBXFileReference; includeInIndex = 1; lastKnownFileType = text.xcconfig; name = "Pods-TBOLoger_iOS.debug.xcconfig"; path = "Pods/Target Support Files/Pods-TBOLoger_iOS/Pods-TBOLoger_iOS.debug.xcconfig"; sourceTree = "<group>"; };
		5366F7857A140B75AE19733F /* Pods-TBOLog_macOS.debug.xcconfig */ = {isa = PBXFileReference; includeInIndex = 1; lastKnownFileType = text.xcconfig; name = "Pods-TBOLog_macOS.debug.xcconfig"; path = "Pods/Target Support Files/Pods-TBOLog_macOS/Pods-TBOLog_macOS.debug.xcconfig"; sourceTree = "<group>"; };
		778E401861F44ECFECB43851 /* Pods-Example.debug.xcconfig */ = {isa = PBXFileReference; includeInIndex = 1; lastKnownFileType = text.xcconfig; name = "Pods-Example.debug.xcconfig"; path = "Pods/Target Support Files/Pods-Example/Pods-Example.debug.xcconfig"; sourceTree = "<group>"; };
		7938C96A1F84B2EF007A35C4 /* TBOLog.podspec */ = {isa = PBXFileReference; fileEncoding = 4; lastKnownFileType = text; name = TBOLog.podspec; path = ../TBOLog.podspec; sourceTree = "<group>"; xcLanguageSpecificationIdentifier = xcode.lang.ruby; };
		795E6E501F83CD1E00A45FC7 /* Package.swift */ = {isa = PBXFileReference; fileEncoding = 4; lastKnownFileType = sourcecode.swift; name = Package.swift; path = ../Package.swift; sourceTree = "<group>"; };
		795E6E511F83CD1E00A45FC7 /* README.md */ = {isa = PBXFileReference; fileEncoding = 4; lastKnownFileType = net.daringfireball.markdown; name = README.md; path = ../README.md; sourceTree = "<group>"; };
		795E6E901F84A96500A45FC7 /* liblog.a */ = {isa = PBXFileReference; lastKnownFileType = archive.ar; name = liblog.a; path = ../Sources/XLoger/liblog.a; sourceTree = "<group>"; };
		79835F3D1F9240AD0015B36B /* TBOLog_macOS.app */ = {isa = PBXFileReference; explicitFileType = wrapper.application; includeInIndex = 0; path = TBOLog_macOS.app; sourceTree = BUILT_PRODUCTS_DIR; };
		79835F3F1F9240AD0015B36B /* AppDelegate.swift */ = {isa = PBXFileReference; lastKnownFileType = sourcecode.swift; path = AppDelegate.swift; sourceTree = "<group>"; };
		79835F411F9240AD0015B36B /* ViewController.swift */ = {isa = PBXFileReference; lastKnownFileType = sourcecode.swift; path = ViewController.swift; sourceTree = "<group>"; };
		79835F431F9240AD0015B36B /* Assets.xcassets */ = {isa = PBXFileReference; lastKnownFileType = folder.assetcatalog; path = Assets.xcassets; sourceTree = "<group>"; };
		79835F461F9240AD0015B36B /* Base */ = {isa = PBXFileReference; lastKnownFileType = file.storyboard; name = Base; path = Base.lproj/Main.storyboard; sourceTree = "<group>"; };
		79835F481F9240AD0015B36B /* Info.plist */ = {isa = PBXFileReference; lastKnownFileType = text.plist.xml; path = Info.plist; sourceTree = "<group>"; };
		79835F491F9240AD0015B36B /* TBOLog_macOS.entitlements */ = {isa = PBXFileReference; lastKnownFileType = text.plist.entitlements; path = TBOLog_macOS.entitlements; sourceTree = "<group>"; };
		79835F511F9240C50015B36B /* TBOLog_iOS.app */ = {isa = PBXFileReference; explicitFileType = wrapper.application; includeInIndex = 0; path = TBOLog_iOS.app; sourceTree = BUILT_PRODUCTS_DIR; };
		79835F531F9240C50015B36B /* AppDelegate.swift */ = {isa = PBXFileReference; lastKnownFileType = sourcecode.swift; path = AppDelegate.swift; sourceTree = "<group>"; };
		79835F551F9240C50015B36B /* ViewController.swift */ = {isa = PBXFileReference; lastKnownFileType = sourcecode.swift; path = ViewController.swift; sourceTree = "<group>"; };
		79835F581F9240C50015B36B /* Base */ = {isa = PBXFileReference; lastKnownFileType = file.storyboard; name = Base; path = Base.lproj/Main.storyboard; sourceTree = "<group>"; };
		79835F5A1F9240C50015B36B /* Assets.xcassets */ = {isa = PBXFileReference; lastKnownFileType = folder.assetcatalog; path = Assets.xcassets; sourceTree = "<group>"; };
		79835F5D1F9240C50015B36B /* Base */ = {isa = PBXFileReference; lastKnownFileType = file.storyboard; name = Base; path = Base.lproj/LaunchScreen.storyboard; sourceTree = "<group>"; };
		79835F5F1F9240C50015B36B /* Info.plist */ = {isa = PBXFileReference; lastKnownFileType = text.plist.xml; path = Info.plist; sourceTree = "<group>"; };
		7B19468942A214DA9405230B /* Pods_Example.framework */ = {isa = PBXFileReference; explicitFileType = wrapper.framework; includeInIndex = 0; path = Pods_Example.framework; sourceTree = BUILT_PRODUCTS_DIR; };
		7E9D9476BFCAA8A4750D5799 /* Pods-TBOLog_macOS.release.xcconfig */ = {isa = PBXFileReference; includeInIndex = 1; lastKnownFileType = text.xcconfig; name = "Pods-TBOLog_macOS.release.xcconfig"; path = "Pods/Target Support Files/Pods-TBOLog_macOS/Pods-TBOLog_macOS.release.xcconfig"; sourceTree = "<group>"; };
		8AB2AAF1C6481F26D59DB76D /* Pods-Example.release.xcconfig */ = {isa = PBXFileReference; includeInIndex = 1; lastKnownFileType = text.xcconfig; name = "Pods-Example.release.xcconfig"; path = "Pods/Target Support Files/Pods-Example/Pods-Example.release.xcconfig"; sourceTree = "<group>"; };
		9CB048C161878B3682258035 /* Pods-TBOLog_iOS.debug.xcconfig */ = {isa = PBXFileReference; includeInIndex = 1; lastKnownFileType = text.xcconfig; name = "Pods-TBOLog_iOS.debug.xcconfig"; path = "Pods/Target Support Files/Pods-TBOLog_iOS/Pods-TBOLog_iOS.debug.xcconfig"; sourceTree = "<group>"; };
		AAC592C72F3F69D5DFCE357F /* Pods-TBOLoger_iOS.release.xcconfig */ = {isa = PBXFileReference; includeInIndex = 1; lastKnownFileType = text.xcconfig; name = "Pods-TBOLoger_iOS.release.xcconfig"; path = "Pods/Target Support Files/Pods-TBOLoger_iOS/Pods-TBOLoger_iOS.release.xcconfig"; sourceTree = "<group>"; };
		B9F8C492C891BDFCCD997050 /* Pods_TBOLoger_macOS.framework */ = {isa = PBXFileReference; explicitFileType = wrapper.framework; includeInIndex = 0; path = Pods_TBOLoger_macOS.framework; sourceTree = BUILT_PRODUCTS_DIR; };
		C295FA95C2C3B76A921866A2 /* Pods_TBOLog_macOS.framework */ = {isa = PBXFileReference; explicitFileType = wrapper.framework; includeInIndex = 0; path = Pods_TBOLog_macOS.framework; sourceTree = BUILT_PRODUCTS_DIR; };
		E65A57FC517BDBD836E9056C /* Pods-TBOLog_iOS.release.xcconfig */ = {isa = PBXFileReference; includeInIndex = 1; lastKnownFileType = text.xcconfig; name = "Pods-TBOLog_iOS.release.xcconfig"; path = "Pods/Target Support Files/Pods-TBOLog_iOS/Pods-TBOLog_iOS.release.xcconfig"; sourceTree = "<group>"; };
/* End PBXFileReference section */

/* Begin PBXFrameworksBuildPhase section */
		79835F3A1F9240AD0015B36B /* Frameworks */ = {
			isa = PBXFrameworksBuildPhase;
			buildActionMask = 2147483647;
			files = (
				0D238D9E1C8FD1E8FBE43061 /* Pods_TBOLog_macOS.framework in Frameworks */,
			);
			runOnlyForDeploymentPostprocessing = 0;
		};
		79835F4E1F9240C50015B36B /* Frameworks */ = {
			isa = PBXFrameworksBuildPhase;
			buildActionMask = 2147483647;
			files = (
				3945974D2FFA5A3F83F4A380 /* Pods_TBOLog_iOS.framework in Frameworks */,
			);
			runOnlyForDeploymentPostprocessing = 0;
		};
/* End PBXFrameworksBuildPhase section */

/* Begin PBXGroup section */
		03DA431462FE2B5407036055 /* Frameworks */ = {
			isa = PBXGroup;
			children = (
				795E6E901F84A96500A45FC7 /* liblog.a */,
				7B19468942A214DA9405230B /* Pods_Example.framework */,
				2D1519CD103FCE38743204A0 /* Pods_TBOLoger_iOS.framework */,
				B9F8C492C891BDFCCD997050 /* Pods_TBOLoger_macOS.framework */,
				374C55BE6529DCBF7050184F /* Pods_TBOLog_iOS.framework */,
				C295FA95C2C3B76A921866A2 /* Pods_TBOLog_macOS.framework */,
			);
			name = Frameworks;
			sourceTree = "<group>";
		};
		535435AC21E932B247ADD339 /* Pods */ = {
			isa = PBXGroup;
			children = (
				778E401861F44ECFECB43851 /* Pods-Example.debug.xcconfig */,
				8AB2AAF1C6481F26D59DB76D /* Pods-Example.release.xcconfig */,
				3D450E1B7CECF564D603EA5D /* Pods-TBOLoger_iOS.debug.xcconfig */,
				AAC592C72F3F69D5DFCE357F /* Pods-TBOLoger_iOS.release.xcconfig */,
				078DF07929A7A3E23D691F7E /* Pods-TBOLoger_macOS.debug.xcconfig */,
				10C49BF8078AA8FE99DD77C0 /* Pods-TBOLoger_macOS.release.xcconfig */,
				9CB048C161878B3682258035 /* Pods-TBOLog_iOS.debug.xcconfig */,
				E65A57FC517BDBD836E9056C /* Pods-TBOLog_iOS.release.xcconfig */,
				5366F7857A140B75AE19733F /* Pods-TBOLog_macOS.debug.xcconfig */,
				7E9D9476BFCAA8A4750D5799 /* Pods-TBOLog_macOS.release.xcconfig */,
			);
			name = Pods;
			sourceTree = "<group>";
		};
		795E6E341F83A01F00A45FC7 = {
			isa = PBXGroup;
			children = (
				795E6E561F83CD2D00A45FC7 /* Support Files */,
				79835F3E1F9240AD0015B36B /* TBOLog_macOS */,
				79835F521F9240C50015B36B /* TBOLog_iOS */,
				795E6E3E1F83A01F00A45FC7 /* Products */,
				535435AC21E932B247ADD339 /* Pods */,
				03DA431462FE2B5407036055 /* Frameworks */,
			);
			sourceTree = "<group>";
		};
		795E6E3E1F83A01F00A45FC7 /* Products */ = {
			isa = PBXGroup;
			children = (
				79835F3D1F9240AD0015B36B /* TBOLog_macOS.app */,
				79835F511F9240C50015B36B /* TBOLog_iOS.app */,
			);
			name = Products;
			sourceTree = "<group>";
		};
		795E6E561F83CD2D00A45FC7 /* Support Files */ = {
			isa = PBXGroup;
			children = (
				795E6E501F83CD1E00A45FC7 /* Package.swift */,
				7938C96A1F84B2EF007A35C4 /* TBOLog.podspec */,
				795E6E511F83CD1E00A45FC7 /* README.md */,
			);
			name = "Support Files";
			sourceTree = "<group>";
		};
		79835F3E1F9240AD0015B36B /* TBOLog_macOS */ = {
			isa = PBXGroup;
			children = (
				79835F3F1F9240AD0015B36B /* AppDelegate.swift */,
				79835F411F9240AD0015B36B /* ViewController.swift */,
				79835F431F9240AD0015B36B /* Assets.xcassets */,
				79835F451F9240AD0015B36B /* Main.storyboard */,
				79835F481F9240AD0015B36B /* Info.plist */,
				79835F491F9240AD0015B36B /* TBOLog_macOS.entitlements */,
			);
			path = TBOLog_macOS;
			sourceTree = "<group>";
		};
		79835F521F9240C50015B36B /* TBOLog_iOS */ = {
			isa = PBXGroup;
			children = (
				79835F531F9240C50015B36B /* AppDelegate.swift */,
				79835F551F9240C50015B36B /* ViewController.swift */,
				79835F571F9240C50015B36B /* Main.storyboard */,
				79835F5A1F9240C50015B36B /* Assets.xcassets */,
				79835F5C1F9240C50015B36B /* LaunchScreen.storyboard */,
				79835F5F1F9240C50015B36B /* Info.plist */,
			);
			path = TBOLog_iOS;
			sourceTree = "<group>";
		};
/* End PBXGroup section */

/* Begin PBXNativeTarget section */
		79835F3C1F9240AD0015B36B /* TBOLog_macOS */ = {
			isa = PBXNativeTarget;
			buildConfigurationList = 79835F4A1F9240AD0015B36B /* Build configuration list for PBXNativeTarget "TBOLog_macOS" */;
			buildPhases = (
				B56885F8B6C44617CF14F267 /* [CP] Check Pods Manifest.lock */,
				79835F391F9240AD0015B36B /* Sources */,
				79835F3A1F9240AD0015B36B /* Frameworks */,
				79835F3B1F9240AD0015B36B /* Resources */,
				FDCFA5AA0CAE8720712A9566 /* [CP] Embed Pods Frameworks */,
				9A06533EC849A4684772421B /* [CP] Copy Pods Resources */,
			);
			buildRules = (
			);
			dependencies = (
			);
			name = TBOLog_macOS;
			productName = TBOLog_macOS;
			productReference = 79835F3D1F9240AD0015B36B /* TBOLog_macOS.app */;
			productType = "com.apple.product-type.application";
		};
		79835F501F9240C50015B36B /* TBOLog_iOS */ = {
			isa = PBXNativeTarget;
			buildConfigurationList = 79835F601F9240C50015B36B /* Build configuration list for PBXNativeTarget "TBOLog_iOS" */;
			buildPhases = (
				D95A8D67FE10A0856B597B08 /* [CP] Check Pods Manifest.lock */,
				79835F4D1F9240C50015B36B /* Sources */,
				79835F4E1F9240C50015B36B /* Frameworks */,
				79835F4F1F9240C50015B36B /* Resources */,
				A9FB860CE0952542CEC0E47E /* [CP] Embed Pods Frameworks */,
				B9FCB5B2ECA114AE5ACFF562 /* [CP] Copy Pods Resources */,
			);
			buildRules = (
			);
			dependencies = (
			);
			name = TBOLog_iOS;
			productName = TBOLog_iOS;
			productReference = 79835F511F9240C50015B36B /* TBOLog_iOS.app */;
			productType = "com.apple.product-type.application";
		};
/* End PBXNativeTarget section */

/* Begin PBXProject section */
		795E6E351F83A01F00A45FC7 /* Project object */ = {
			isa = PBXProject;
			attributes = {
				LastSwiftUpdateCheck = 0900;
				LastUpgradeCheck = 0900;
				ORGANIZATIONNAME = TobyoTenma;
				TargetAttributes = {
					79835F3C1F9240AD0015B36B = {
						CreatedOnToolsVersion = 9.0;
						ProvisioningStyle = Automatic;
					};
					79835F501F9240C50015B36B = {
						CreatedOnToolsVersion = 9.0;
						ProvisioningStyle = Automatic;
					};
				};
			};
			buildConfigurationList = 795E6E381F83A01F00A45FC7 /* Build configuration list for PBXProject "TBOLog" */;
			compatibilityVersion = "Xcode 8.0";
			developmentRegion = en;
			hasScannedForEncodings = 0;
			knownRegions = (
				en,
				Base,
			);
			mainGroup = 795E6E341F83A01F00A45FC7;
			productRefGroup = 795E6E3E1F83A01F00A45FC7 /* Products */;
			projectDirPath = "";
			projectRoot = "";
			targets = (
				79835F3C1F9240AD0015B36B /* TBOLog_macOS */,
				79835F501F9240C50015B36B /* TBOLog_iOS */,
			);
		};
/* End PBXProject section */

/* Begin PBXResourcesBuildPhase section */
		79835F3B1F9240AD0015B36B /* Resources */ = {
			isa = PBXResourcesBuildPhase;
			buildActionMask = 2147483647;
			files = (
				79835F441F9240AD0015B36B /* Assets.xcassets in Resources */,
				79835F471F9240AD0015B36B /* Main.storyboard in Resources */,
			);
			runOnlyForDeploymentPostprocessing = 0;
		};
		79835F4F1F9240C50015B36B /* Resources */ = {
			isa = PBXResourcesBuildPhase;
			buildActionMask = 2147483647;
			files = (
				79835F5E1F9240C50015B36B /* LaunchScreen.storyboard in Resources */,
				79835F5B1F9240C50015B36B /* Assets.xcassets in Resources */,
				79835F591F9240C50015B36B /* Main.storyboard in Resources */,
			);
			runOnlyForDeploymentPostprocessing = 0;
		};
/* End PBXResourcesBuildPhase section */

/* Begin PBXShellScriptBuildPhase section */
		9A06533EC849A4684772421B /* [CP] Copy Pods Resources */ = {
			isa = PBXShellScriptBuildPhase;
			buildActionMask = 2147483647;
			files = (
			);
			inputPaths = (
			);
			name = "[CP] Copy Pods Resources";
			outputPaths = (
			);
			runOnlyForDeploymentPostprocessing = 0;
			shellPath = /bin/sh;
			shellScript = "\"${SRCROOT}/Pods/Target Support Files/Pods-TBOLog_macOS/Pods-TBOLog_macOS-resources.sh\"\n";
			showEnvVarsInLog = 0;
		};
		A9FB860CE0952542CEC0E47E /* [CP] Embed Pods Frameworks */ = {
			isa = PBXShellScriptBuildPhase;
			buildActionMask = 2147483647;
			files = (
			);
			inputPaths = (
				"${SRCROOT}/Pods/Target Support Files/Pods-TBOLog_iOS/Pods-TBOLog_iOS-frameworks.sh",
				"${BUILT_PRODUCTS_DIR}/TBOLog-iOS/TBOLog.framework",
			);
			name = "[CP] Embed Pods Frameworks";
			outputPaths = (
				"${TARGET_BUILD_DIR}/${FRAMEWORKS_FOLDER_PATH}/TBOLog.framework",
			);
			runOnlyForDeploymentPostprocessing = 0;
			shellPath = /bin/sh;
			shellScript = "\"${SRCROOT}/Pods/Target Support Files/Pods-TBOLog_iOS/Pods-TBOLog_iOS-frameworks.sh\"\n";
			showEnvVarsInLog = 0;
		};
		B56885F8B6C44617CF14F267 /* [CP] Check Pods Manifest.lock */ = {
			isa = PBXShellScriptBuildPhase;
			buildActionMask = 2147483647;
			files = (
			);
			inputPaths = (
				"${PODS_PODFILE_DIR_PATH}/Podfile.lock",
				"${PODS_ROOT}/Manifest.lock",
			);
			name = "[CP] Check Pods Manifest.lock";
			outputPaths = (
				"$(DERIVED_FILE_DIR)/Pods-TBOLog_macOS-checkManifestLockResult.txt",
			);
			runOnlyForDeploymentPostprocessing = 0;
			shellPath = /bin/sh;
			shellScript = "diff \"${PODS_PODFILE_DIR_PATH}/Podfile.lock\" \"${PODS_ROOT}/Manifest.lock\" > /dev/null\nif [ $? != 0 ] ; then\n    # print error to STDERR\n    echo \"error: The sandbox is not in sync with the Podfile.lock. Run 'pod install' or update your CocoaPods installation.\" >&2\n    exit 1\nfi\n# This output is used by Xcode 'outputs' to avoid re-running this script phase.\necho \"SUCCESS\" > \"${SCRIPT_OUTPUT_FILE_0}\"\n";
			showEnvVarsInLog = 0;
		};
		B9FCB5B2ECA114AE5ACFF562 /* [CP] Copy Pods Resources */ = {
			isa = PBXShellScriptBuildPhase;
			buildActionMask = 2147483647;
			files = (
			);
			inputPaths = (
			);
			name = "[CP] Copy Pods Resources";
			outputPaths = (
			);
			runOnlyForDeploymentPostprocessing = 0;
			shellPath = /bin/sh;
			shellScript = "\"${SRCROOT}/Pods/Target Support Files/Pods-TBOLog_iOS/Pods-TBOLog_iOS-resources.sh\"\n";
			showEnvVarsInLog = 0;
		};
		D95A8D67FE10A0856B597B08 /* [CP] Check Pods Manifest.lock */ = {
			isa = PBXShellScriptBuildPhase;
			buildActionMask = 2147483647;
			files = (
			);
			inputPaths = (
				"${PODS_PODFILE_DIR_PATH}/Podfile.lock",
				"${PODS_ROOT}/Manifest.lock",
			);
			name = "[CP] Check Pods Manifest.lock";
			outputPaths = (
				"$(DERIVED_FILE_DIR)/Pods-TBOLog_iOS-checkManifestLockResult.txt",
			);
			runOnlyForDeploymentPostprocessing = 0;
			shellPath = /bin/sh;
			shellScript = "diff \"${PODS_PODFILE_DIR_PATH}/Podfile.lock\" \"${PODS_ROOT}/Manifest.lock\" > /dev/null\nif [ $? != 0 ] ; then\n    # print error to STDERR\n    echo \"error: The sandbox is not in sync with the Podfile.lock. Run 'pod install' or update your CocoaPods installation.\" >&2\n    exit 1\nfi\n# This output is used by Xcode 'outputs' to avoid re-running this script phase.\necho \"SUCCESS\" > \"${SCRIPT_OUTPUT_FILE_0}\"\n";
			showEnvVarsInLog = 0;
		};
		FDCFA5AA0CAE8720712A9566 /* [CP] Embed Pods Frameworks */ = {
			isa = PBXShellScriptBuildPhase;
			buildActionMask = 2147483647;
			files = (
			);
			inputPaths = (
				"${SRCROOT}/Pods/Target Support Files/Pods-TBOLog_macOS/Pods-TBOLog_macOS-frameworks.sh",
				"${BUILT_PRODUCTS_DIR}/TBOLog-macOS/TBOLog.framework",
			);
			name = "[CP] Embed Pods Frameworks";
			outputPaths = (
				"${TARGET_BUILD_DIR}/${FRAMEWORKS_FOLDER_PATH}/TBOLog.framework",
			);
			runOnlyForDeploymentPostprocessing = 0;
			shellPath = /bin/sh;
			shellScript = "\"${SRCROOT}/Pods/Target Support Files/Pods-TBOLog_macOS/Pods-TBOLog_macOS-frameworks.sh\"\n";
			showEnvVarsInLog = 0;
		};
/* End PBXShellScriptBuildPhase section */

/* Begin PBXSourcesBuildPhase section */
		79835F391F9240AD0015B36B /* Sources */ = {
			isa = PBXSourcesBuildPhase;
			buildActionMask = 2147483647;
			files = (
				79835F421F9240AD0015B36B /* ViewController.swift in Sources */,
				79835F401F9240AD0015B36B /* AppDelegate.swift in Sources */,
			);
			runOnlyForDeploymentPostprocessing = 0;
		};
		79835F4D1F9240C50015B36B /* Sources */ = {
			isa = PBXSourcesBuildPhase;
			buildActionMask = 2147483647;
			files = (
				79835F561F9240C50015B36B /* ViewController.swift in Sources */,
				79835F541F9240C50015B36B /* AppDelegate.swift in Sources */,
			);
			runOnlyForDeploymentPostprocessing = 0;
		};
/* End PBXSourcesBuildPhase section */

/* Begin PBXVariantGroup section */
		79835F451F9240AD0015B36B /* Main.storyboard */ = {
			isa = PBXVariantGroup;
			children = (
				79835F461F9240AD0015B36B /* Base */,
			);
			name = Main.storyboard;
			sourceTree = "<group>";
		};
		79835F571F9240C50015B36B /* Main.storyboard */ = {
			isa = PBXVariantGroup;
			children = (
				79835F581F9240C50015B36B /* Base */,
			);
			name = Main.storyboard;
			sourceTree = "<group>";
		};
		79835F5C1F9240C50015B36B /* LaunchScreen.storyboard */ = {
			isa = PBXVariantGroup;
			children = (
				79835F5D1F9240C50015B36B /* Base */,
			);
			name = LaunchScreen.storyboard;
			sourceTree = "<group>";
		};
/* End PBXVariantGroup section */

/* Begin XCBuildConfiguration section */
		795E6E4B1F83A01F00A45FC7 /* Debug */ = {
			isa = XCBuildConfiguration;
			buildSettings = {
				ALWAYS_SEARCH_USER_PATHS = NO;
				CLANG_ANALYZER_NONNULL = YES;
				CLANG_ANALYZER_NUMBER_OBJECT_CONVERSION = YES_AGGRESSIVE;
				CLANG_CXX_LANGUAGE_STANDARD = "gnu++14";
				CLANG_CXX_LIBRARY = "libc++";
				CLANG_ENABLE_MODULES = YES;
				CLANG_ENABLE_OBJC_ARC = YES;
				CLANG_WARN_BLOCK_CAPTURE_AUTORELEASING = YES;
				CLANG_WARN_BOOL_CONVERSION = YES;
				CLANG_WARN_COMMA = YES;
				CLANG_WARN_CONSTANT_CONVERSION = YES;
				CLANG_WARN_DIRECT_OBJC_ISA_USAGE = YES_ERROR;
				CLANG_WARN_DOCUMENTATION_COMMENTS = YES;
				CLANG_WARN_EMPTY_BODY = YES;
				CLANG_WARN_ENUM_CONVERSION = YES;
				CLANG_WARN_INFINITE_RECURSION = YES;
				CLANG_WARN_INT_CONVERSION = YES;
				CLANG_WARN_NON_LITERAL_NULL_CONVERSION = YES;
				CLANG_WARN_OBJC_LITERAL_CONVERSION = YES;
				CLANG_WARN_OBJC_ROOT_CLASS = YES_ERROR;
				CLANG_WARN_RANGE_LOOP_ANALYSIS = YES;
				CLANG_WARN_STRICT_PROTOTYPES = YES;
				CLANG_WARN_SUSPICIOUS_MOVE = YES;
				CLANG_WARN_UNGUARDED_AVAILABILITY = YES_AGGRESSIVE;
				CLANG_WARN_UNREACHABLE_CODE = YES;
				CLANG_WARN__DUPLICATE_METHOD_MATCH = YES;
				CODE_SIGN_IDENTITY = "Mac Developer";
				COPY_PHASE_STRIP = NO;
				DEBUG_INFORMATION_FORMAT = dwarf;
				ENABLE_STRICT_OBJC_MSGSEND = YES;
				ENABLE_TESTABILITY = YES;
				GCC_C_LANGUAGE_STANDARD = gnu11;
				GCC_DYNAMIC_NO_PIC = NO;
				GCC_NO_COMMON_BLOCKS = YES;
				GCC_OPTIMIZATION_LEVEL = 0;
				GCC_PREPROCESSOR_DEFINITIONS = (
					"DEBUG=1",
					"$(inherited)",
				);
				GCC_WARN_64_TO_32_BIT_CONVERSION = YES;
				GCC_WARN_ABOUT_RETURN_TYPE = YES_ERROR;
				GCC_WARN_UNDECLARED_SELECTOR = YES;
				GCC_WARN_UNINITIALIZED_AUTOS = YES_AGGRESSIVE;
				GCC_WARN_UNUSED_FUNCTION = YES;
				GCC_WARN_UNUSED_VARIABLE = YES;
				MACOSX_DEPLOYMENT_TARGET = 10.12;
				MTL_ENABLE_DEBUG_INFO = YES;
				ONLY_ACTIVE_ARCH = YES;
				SDKROOT = macosx;
				SWIFT_ACTIVE_COMPILATION_CONDITIONS = DEBUG;
				SWIFT_OPTIMIZATION_LEVEL = "-Onone";
			};
			name = Debug;
		};
		795E6E4C1F83A01F00A45FC7 /* Release */ = {
			isa = XCBuildConfiguration;
			buildSettings = {
				ALWAYS_SEARCH_USER_PATHS = NO;
				CLANG_ANALYZER_NONNULL = YES;
				CLANG_ANALYZER_NUMBER_OBJECT_CONVERSION = YES_AGGRESSIVE;
				CLANG_CXX_LANGUAGE_STANDARD = "gnu++14";
				CLANG_CXX_LIBRARY = "libc++";
				CLANG_ENABLE_MODULES = YES;
				CLANG_ENABLE_OBJC_ARC = YES;
				CLANG_WARN_BLOCK_CAPTURE_AUTORELEASING = YES;
				CLANG_WARN_BOOL_CONVERSION = YES;
				CLANG_WARN_COMMA = YES;
				CLANG_WARN_CONSTANT_CONVERSION = YES;
				CLANG_WARN_DIRECT_OBJC_ISA_USAGE = YES_ERROR;
				CLANG_WARN_DOCUMENTATION_COMMENTS = YES;
				CLANG_WARN_EMPTY_BODY = YES;
				CLANG_WARN_ENUM_CONVERSION = YES;
				CLANG_WARN_INFINITE_RECURSION = YES;
				CLANG_WARN_INT_CONVERSION = YES;
				CLANG_WARN_NON_LITERAL_NULL_CONVERSION = YES;
				CLANG_WARN_OBJC_LITERAL_CONVERSION = YES;
				CLANG_WARN_OBJC_ROOT_CLASS = YES_ERROR;
				CLANG_WARN_RANGE_LOOP_ANALYSIS = YES;
				CLANG_WARN_STRICT_PROTOTYPES = YES;
				CLANG_WARN_SUSPICIOUS_MOVE = YES;
				CLANG_WARN_UNGUARDED_AVAILABILITY = YES_AGGRESSIVE;
				CLANG_WARN_UNREACHABLE_CODE = YES;
				CLANG_WARN__DUPLICATE_METHOD_MATCH = YES;
				CODE_SIGN_IDENTITY = "Mac Developer";
				COPY_PHASE_STRIP = NO;
				DEBUG_INFORMATION_FORMAT = "dwarf-with-dsym";
				ENABLE_NS_ASSERTIONS = NO;
				ENABLE_STRICT_OBJC_MSGSEND = YES;
				GCC_C_LANGUAGE_STANDARD = gnu11;
				GCC_NO_COMMON_BLOCKS = YES;
				GCC_WARN_64_TO_32_BIT_CONVERSION = YES;
				GCC_WARN_ABOUT_RETURN_TYPE = YES_ERROR;
				GCC_WARN_UNDECLARED_SELECTOR = YES;
				GCC_WARN_UNINITIALIZED_AUTOS = YES_AGGRESSIVE;
				GCC_WARN_UNUSED_FUNCTION = YES;
				GCC_WARN_UNUSED_VARIABLE = YES;
				MACOSX_DEPLOYMENT_TARGET = 10.12;
				MTL_ENABLE_DEBUG_INFO = NO;
				SDKROOT = macosx;
				SWIFT_OPTIMIZATION_LEVEL = "-Owholemodule";
			};
			name = Release;
		};
		79835F4B1F9240AD0015B36B /* Debug */ = {
			isa = XCBuildConfiguration;
			baseConfigurationReference = 5366F7857A140B75AE19733F /* Pods-TBOLog_macOS.debug.xcconfig */;
			buildSettings = {
				ASSETCATALOG_COMPILER_APPICON_NAME = AppIcon;
				CODE_SIGN_ENTITLEMENTS = TBOLog_macOS/TBOLog_macOS.entitlements;
				CODE_SIGN_STYLE = Automatic;
				COMBINE_HIDPI_IMAGES = YES;
				DEVELOPMENT_TEAM = VY3QK58G7F;
				INFOPLIST_FILE = TBOLog_macOS/Info.plist;
				LD_RUNPATH_SEARCH_PATHS = "$(inherited) @executable_path/../Frameworks";
				PRODUCT_BUNDLE_IDENTIFIER = "top.tobyotenma.www.TBOLog-macOS";
				PRODUCT_NAME = "$(TARGET_NAME)";
				SWIFT_VERSION = 4.0;
			};
			name = Debug;
		};
		79835F4C1F9240AD0015B36B /* Release */ = {
			isa = XCBuildConfiguration;
			baseConfigurationReference = 7E9D9476BFCAA8A4750D5799 /* Pods-TBOLog_macOS.release.xcconfig */;
			buildSettings = {
				ASSETCATALOG_COMPILER_APPICON_NAME = AppIcon;
				CODE_SIGN_ENTITLEMENTS = TBOLog_macOS/TBOLog_macOS.entitlements;
				CODE_SIGN_STYLE = Automatic;
				COMBINE_HIDPI_IMAGES = YES;
				DEVELOPMENT_TEAM = VY3QK58G7F;
				INFOPLIST_FILE = TBOLog_macOS/Info.plist;
				LD_RUNPATH_SEARCH_PATHS = "$(inherited) @executable_path/../Frameworks";
				PRODUCT_BUNDLE_IDENTIFIER = "top.tobyotenma.www.TBOLog-macOS";
				PRODUCT_NAME = "$(TARGET_NAME)";
				SWIFT_VERSION = 4.0;
			};
			name = Release;
		};
		79835F611F9240C50015B36B /* Debug */ = {
			isa = XCBuildConfiguration;
			baseConfigurationReference = 9CB048C161878B3682258035 /* Pods-TBOLog_iOS.debug.xcconfig */;
			buildSettings = {
				ASSETCATALOG_COMPILER_APPICON_NAME = AppIcon;
				CODE_SIGN_IDENTITY = "iPhone Developer";
				CODE_SIGN_STYLE = Automatic;
				DEVELOPMENT_TEAM = VY3QK58G7F;
				INFOPLIST_FILE = TBOLog_iOS/Info.plist;
				IPHONEOS_DEPLOYMENT_TARGET = 11.0;
				LD_RUNPATH_SEARCH_PATHS = "$(inherited) @executable_path/Frameworks";
				PRODUCT_BUNDLE_IDENTIFIER = "top.tobyotenma.www.TBOLog-iOS";
				PRODUCT_NAME = "$(TARGET_NAME)";
				SDKROOT = iphoneos;
				SWIFT_VERSION = 4.0;
				TARGETED_DEVICE_FAMILY = "1,2";
			};
			name = Debug;
		};
		79835F621F9240C50015B36B /* Release */ = {
			isa = XCBuildConfiguration;
			baseConfigurationReference = E65A57FC517BDBD836E9056C /* Pods-TBOLog_iOS.release.xcconfig */;
			buildSettings = {
				ASSETCATALOG_COMPILER_APPICON_NAME = AppIcon;
				CODE_SIGN_IDENTITY = "iPhone Developer";
				CODE_SIGN_STYLE = Automatic;
				DEVELOPMENT_TEAM = VY3QK58G7F;
				INFOPLIST_FILE = TBOLog_iOS/Info.plist;
				IPHONEOS_DEPLOYMENT_TARGET = 11.0;
				LD_RUNPATH_SEARCH_PATHS = "$(inherited) @executable_path/Frameworks";
				PRODUCT_BUNDLE_IDENTIFIER = "top.tobyotenma.www.TBOLog-iOS";
				PRODUCT_NAME = "$(TARGET_NAME)";
				SDKROOT = iphoneos;
				SWIFT_VERSION = 4.0;
				TARGETED_DEVICE_FAMILY = "1,2";
				VALIDATE_PRODUCT = YES;
			};
			name = Release;
		};
/* End XCBuildConfiguration section */

/* Begin XCConfigurationList section */
		795E6E381F83A01F00A45FC7 /* Build configuration list for PBXProject "TBOLog" */ = {
			isa = XCConfigurationList;
			buildConfigurations = (
				795E6E4B1F83A01F00A45FC7 /* Debug */,
				795E6E4C1F83A01F00A45FC7 /* Release */,
			);
			defaultConfigurationIsVisible = 0;
			defaultConfigurationName = Release;
		};
		79835F4A1F9240AD0015B36B /* Build configuration list for PBXNativeTarget "TBOLog_macOS" */ = {
			isa = XCConfigurationList;
			buildConfigurations = (
				79835F4B1F9240AD0015B36B /* Debug */,
				79835F4C1F9240AD0015B36B /* Release */,
			);
			defaultConfigurationIsVisible = 0;
			defaultConfigurationName = Release;
		};
		79835F601F9240C50015B36B /* Build configuration list for PBXNativeTarget "TBOLog_iOS" */ = {
			isa = XCConfigurationList;
			buildConfigurations = (
				79835F611F9240C50015B36B /* Debug */,
				79835F621F9240C50015B36B /* Release */,
			);
			defaultConfigurationIsVisible = 0;
			defaultConfigurationName = Release;
		};
/* End XCConfigurationList section */
	};
	rootObject = 795E6E351F83A01F00A45FC7 /* Project object */;
}
