// !$*UTF8*$!
{
	archiveVersion = 1;
	classes = {
	};
	objectVersion = 48;
	objects = {

/* Begin PBXBuildFile section */
		795E6E5E1F83D47000A45FC7 /* AppDelegate.swift in Sources */ = {isa = PBXBuildFile; fileRef = 795E6E5D1F83D47000A45FC7 /* AppDelegate.swift */; };
		795E6E601F83D47000A45FC7 /* ViewController.swift in Sources */ = {isa = PBXBuildFile; fileRef = 795E6E5F1F83D47000A45FC7 /* ViewController.swift */; };
		795E6E621F83D47000A45FC7 /* Assets.xcassets in Resources */ = {isa = PBXBuildFile; fileRef = 795E6E611F83D47000A45FC7 /* Assets.xcassets */; };
		795E6E651F83D47000A45FC7 /* Main.storyboard in Resources */ = {isa = PBXBuildFile; fileRef = 795E6E631F83D47000A45FC7 /* Main.storyboard */; };
		795E6E721F83D4A700A45FC7 /* AppDelegate.swift in Sources */ = {isa = PBXBuildFile; fileRef = 795E6E711F83D4A700A45FC7 /* AppDelegate.swift */; };
		795E6E741F83D4A700A45FC7 /* ViewController.swift in Sources */ = {isa = PBXBuildFile; fileRef = 795E6E731F83D4A700A45FC7 /* ViewController.swift */; };
		795E6E771F83D4A700A45FC7 /* Main.storyboard in Resources */ = {isa = PBXBuildFile; fileRef = 795E6E751F83D4A700A45FC7 /* Main.storyboard */; };
		795E6E791F83D4A700A45FC7 /* Assets.xcassets in Resources */ = {isa = PBXBuildFile; fileRef = 795E6E781F83D4A700A45FC7 /* Assets.xcassets */; };
		795E6E7C1F83D4A700A45FC7 /* LaunchScreen.storyboard in Resources */ = {isa = PBXBuildFile; fileRef = 795E6E7A1F83D4A700A45FC7 /* LaunchScreen.storyboard */; };
/* End PBXBuildFile section */

/* Begin PBXFileReference section */
		778E401861F44ECFECB43851 /* Pods-Example.debug.xcconfig */ = {isa = PBXFileReference; includeInIndex = 1; lastKnownFileType = text.xcconfig; name = "Pods-Example.debug.xcconfig"; path = "Pods/Target Support Files/Pods-Example/Pods-Example.debug.xcconfig"; sourceTree = "<group>"; };
		795E6E501F83CD1E00A45FC7 /* Package.swift */ = {isa = PBXFileReference; fileEncoding = 4; lastKnownFileType = sourcecode.swift; name = Package.swift; path = ../Package.swift; sourceTree = "<group>"; };
		795E6E511F83CD1E00A45FC7 /* README.md */ = {isa = PBXFileReference; fileEncoding = 4; lastKnownFileType = net.daringfireball.markdown; name = README.md; path = ../README.md; sourceTree = "<group>"; };
		795E6E541F83CD2600A45FC7 /* TBOLoger.podspec */ = {isa = PBXFileReference; fileEncoding = 4; lastKnownFileType = text; name = TBOLoger.podspec; path = ../TBOLoger.podspec; sourceTree = "<group>"; xcLanguageSpecificationIdentifier = xcode.lang.ruby; };
		795E6E5B1F83D47000A45FC7 /* TBOLoger_macOS.app */ = {isa = PBXFileReference; explicitFileType = wrapper.application; includeInIndex = 0; path = TBOLoger_macOS.app; sourceTree = BUILT_PRODUCTS_DIR; };
		795E6E5D1F83D47000A45FC7 /* AppDelegate.swift */ = {isa = PBXFileReference; lastKnownFileType = sourcecode.swift; path = AppDelegate.swift; sourceTree = "<group>"; };
		795E6E5F1F83D47000A45FC7 /* ViewController.swift */ = {isa = PBXFileReference; lastKnownFileType = sourcecode.swift; path = ViewController.swift; sourceTree = "<group>"; };
		795E6E611F83D47000A45FC7 /* Assets.xcassets */ = {isa = PBXFileReference; lastKnownFileType = folder.assetcatalog; path = Assets.xcassets; sourceTree = "<group>"; };
		795E6E641F83D47000A45FC7 /* Base */ = {isa = PBXFileReference; lastKnownFileType = file.storyboard; name = Base; path = Base.lproj/Main.storyboard; sourceTree = "<group>"; };
		795E6E661F83D47000A45FC7 /* Info.plist */ = {isa = PBXFileReference; lastKnownFileType = text.plist.xml; path = Info.plist; sourceTree = "<group>"; };
		795E6E671F83D47000A45FC7 /* TBOLoger_macOS.entitlements */ = {isa = PBXFileReference; lastKnownFileType = text.plist.entitlements; path = TBOLoger_macOS.entitlements; sourceTree = "<group>"; };
		795E6E6F1F83D4A700A45FC7 /* TBOLoger_iOS.app */ = {isa = PBXFileReference; explicitFileType = wrapper.application; includeInIndex = 0; path = TBOLoger_iOS.app; sourceTree = BUILT_PRODUCTS_DIR; };
		795E6E711F83D4A700A45FC7 /* AppDelegate.swift */ = {isa = PBXFileReference; lastKnownFileType = sourcecode.swift; path = AppDelegate.swift; sourceTree = "<group>"; };
		795E6E731F83D4A700A45FC7 /* ViewController.swift */ = {isa = PBXFileReference; lastKnownFileType = sourcecode.swift; path = ViewController.swift; sourceTree = "<group>"; };
		795E6E761F83D4A700A45FC7 /* Base */ = {isa = PBXFileReference; lastKnownFileType = file.storyboard; name = Base; path = Base.lproj/Main.storyboard; sourceTree = "<group>"; };
		795E6E781F83D4A700A45FC7 /* Assets.xcassets */ = {isa = PBXFileReference; lastKnownFileType = folder.assetcatalog; path = Assets.xcassets; sourceTree = "<group>"; };
		795E6E7B1F83D4A700A45FC7 /* Base */ = {isa = PBXFileReference; lastKnownFileType = file.storyboard; name = Base; path = Base.lproj/LaunchScreen.storyboard; sourceTree = "<group>"; };
		795E6E7D1F83D4A700A45FC7 /* Info.plist */ = {isa = PBXFileReference; lastKnownFileType = text.plist.xml; path = Info.plist; sourceTree = "<group>"; };
		7B19468942A214DA9405230B /* Pods_Example.framework */ = {isa = PBXFileReference; explicitFileType = wrapper.framework; includeInIndex = 0; path = Pods_Example.framework; sourceTree = BUILT_PRODUCTS_DIR; };
		8AB2AAF1C6481F26D59DB76D /* Pods-Example.release.xcconfig */ = {isa = PBXFileReference; includeInIndex = 1; lastKnownFileType = text.xcconfig; name = "Pods-Example.release.xcconfig"; path = "Pods/Target Support Files/Pods-Example/Pods-Example.release.xcconfig"; sourceTree = "<group>"; };
/* End PBXFileReference section */

/* Begin PBXFrameworksBuildPhase section */
		795E6E581F83D47000A45FC7 /* Frameworks */ = {
			isa = PBXFrameworksBuildPhase;
			buildActionMask = 2147483647;
			files = (
			);
			runOnlyForDeploymentPostprocessing = 0;
		};
		795E6E6C1F83D4A700A45FC7 /* Frameworks */ = {
			isa = PBXFrameworksBuildPhase;
			buildActionMask = 2147483647;
			files = (
			);
			runOnlyForDeploymentPostprocessing = 0;
		};
/* End PBXFrameworksBuildPhase section */

/* Begin PBXGroup section */
		03DA431462FE2B5407036055 /* Frameworks */ = {
			isa = PBXGroup;
			children = (
				7B19468942A214DA9405230B /* Pods_Example.framework */,
			);
			name = Frameworks;
			sourceTree = "<group>";
		};
		535435AC21E932B247ADD339 /* Pods */ = {
			isa = PBXGroup;
			children = (
				778E401861F44ECFECB43851 /* Pods-Example.debug.xcconfig */,
				8AB2AAF1C6481F26D59DB76D /* Pods-Example.release.xcconfig */,
			);
			name = Pods;
			sourceTree = "<group>";
		};
		795E6E341F83A01F00A45FC7 = {
			isa = PBXGroup;
			children = (
				795E6E561F83CD2D00A45FC7 /* Support Files */,
				795E6E5C1F83D47000A45FC7 /* TBOLoger_macOS */,
				795E6E701F83D4A700A45FC7 /* TBOLoger_iOS */,
				795E6E3E1F83A01F00A45FC7 /* Products */,
				535435AC21E932B247ADD339 /* Pods */,
				03DA431462FE2B5407036055 /* Frameworks */,
			);
			sourceTree = "<group>";
		};
		795E6E3E1F83A01F00A45FC7 /* Products */ = {
			isa = PBXGroup;
			children = (
				795E6E5B1F83D47000A45FC7 /* TBOLoger_macOS.app */,
				795E6E6F1F83D4A700A45FC7 /* TBOLoger_iOS.app */,
			);
			name = Products;
			sourceTree = "<group>";
		};
		795E6E561F83CD2D00A45FC7 /* Support Files */ = {
			isa = PBXGroup;
			children = (
				795E6E541F83CD2600A45FC7 /* TBOLoger.podspec */,
				795E6E501F83CD1E00A45FC7 /* Package.swift */,
				795E6E511F83CD1E00A45FC7 /* README.md */,
			);
			name = "Support Files";
			sourceTree = "<group>";
		};
		795E6E5C1F83D47000A45FC7 /* TBOLoger_macOS */ = {
			isa = PBXGroup;
			children = (
				795E6E5D1F83D47000A45FC7 /* AppDelegate.swift */,
				795E6E5F1F83D47000A45FC7 /* ViewController.swift */,
				795E6E611F83D47000A45FC7 /* Assets.xcassets */,
				795E6E631F83D47000A45FC7 /* Main.storyboard */,
				795E6E661F83D47000A45FC7 /* Info.plist */,
				795E6E671F83D47000A45FC7 /* TBOLoger_macOS.entitlements */,
			);
			path = TBOLoger_macOS;
			sourceTree = "<group>";
		};
		795E6E701F83D4A700A45FC7 /* TBOLoger_iOS */ = {
			isa = PBXGroup;
			children = (
				795E6E711F83D4A700A45FC7 /* AppDelegate.swift */,
				795E6E731F83D4A700A45FC7 /* ViewController.swift */,
				795E6E751F83D4A700A45FC7 /* Main.storyboard */,
				795E6E781F83D4A700A45FC7 /* Assets.xcassets */,
				795E6E7A1F83D4A700A45FC7 /* LaunchScreen.storyboard */,
				795E6E7D1F83D4A700A45FC7 /* Info.plist */,
			);
			path = TBOLoger_iOS;
			sourceTree = "<group>";
		};
/* End PBXGroup section */

/* Begin PBXNativeTarget section */
		795E6E5A1F83D47000A45FC7 /* TBOLoger_macOS */ = {
			isa = PBXNativeTarget;
			buildConfigurationList = 795E6E681F83D47000A45FC7 /* Build configuration list for PBXNativeTarget "TBOLoger_macOS" */;
			buildPhases = (
				795E6E571F83D47000A45FC7 /* Sources */,
				795E6E581F83D47000A45FC7 /* Frameworks */,
				795E6E591F83D47000A45FC7 /* Resources */,
			);
			buildRules = (
			);
			dependencies = (
			);
			name = TBOLoger_macOS;
			productName = TBOLoger_macOS;
			productReference = 795E6E5B1F83D47000A45FC7 /* TBOLoger_macOS.app */;
			productType = "com.apple.product-type.application";
		};
		795E6E6E1F83D4A700A45FC7 /* TBOLoger_iOS */ = {
			isa = PBXNativeTarget;
			buildConfigurationList = 795E6E7E1F83D4A700A45FC7 /* Build configuration list for PBXNativeTarget "TBOLoger_iOS" */;
			buildPhases = (
				795E6E6B1F83D4A700A45FC7 /* Sources */,
				795E6E6C1F83D4A700A45FC7 /* Frameworks */,
				795E6E6D1F83D4A700A45FC7 /* Resources */,
			);
			buildRules = (
			);
			dependencies = (
			);
			name = TBOLoger_iOS;
			productName = TBOLoger_iOS;
			productReference = 795E6E6F1F83D4A700A45FC7 /* TBOLoger_iOS.app */;
			productType = "com.apple.product-type.application";
		};
/* End PBXNativeTarget section */

/* Begin PBXProject section */
		795E6E351F83A01F00A45FC7 /* Project object */ = {
			isa = PBXProject;
			attributes = {
				LastSwiftUpdateCheck = 0900;
				LastUpgradeCheck = 0900;
				ORGANIZATIONNAME = TobyoTenma;
				TargetAttributes = {
					795E6E5A1F83D47000A45FC7 = {
						CreatedOnToolsVersion = 9.0;
						ProvisioningStyle = Automatic;
					};
					795E6E6E1F83D4A700A45FC7 = {
						CreatedOnToolsVersion = 9.0;
						ProvisioningStyle = Automatic;
					};
				};
			};
			buildConfigurationList = 795E6E381F83A01F00A45FC7 /* Build configuration list for PBXProject "Example" */;
			compatibilityVersion = "Xcode 8.0";
			developmentRegion = en;
			hasScannedForEncodings = 0;
			knownRegions = (
				en,
				Base,
			);
			mainGroup = 795E6E341F83A01F00A45FC7;
			productRefGroup = 795E6E3E1F83A01F00A45FC7 /* Products */;
			projectDirPath = "";
			projectRoot = "";
			targets = (
				795E6E5A1F83D47000A45FC7 /* TBOLoger_macOS */,
				795E6E6E1F83D4A700A45FC7 /* TBOLoger_iOS */,
			);
		};
/* End PBXProject section */

/* Begin PBXResourcesBuildPhase section */
		795E6E591F83D47000A45FC7 /* Resources */ = {
			isa = PBXResourcesBuildPhase;
			buildActionMask = 2147483647;
			files = (
				795E6E621F83D47000A45FC7 /* Assets.xcassets in Resources */,
				795E6E651F83D47000A45FC7 /* Main.storyboard in Resources */,
			);
			runOnlyForDeploymentPostprocessing = 0;
		};
		795E6E6D1F83D4A700A45FC7 /* Resources */ = {
			isa = PBXResourcesBuildPhase;
			buildActionMask = 2147483647;
			files = (
				795E6E7C1F83D4A700A45FC7 /* LaunchScreen.storyboard in Resources */,
				795E6E791F83D4A700A45FC7 /* Assets.xcassets in Resources */,
				795E6E771F83D4A700A45FC7 /* Main.storyboard in Resources */,
			);
			runOnlyForDeploymentPostprocessing = 0;
		};
/* End PBXResourcesBuildPhase section */

/* Begin PBXSourcesBuildPhase section */
		795E6E571F83D47000A45FC7 /* Sources */ = {
			isa = PBXSourcesBuildPhase;
			buildActionMask = 2147483647;
			files = (
				795E6E601F83D47000A45FC7 /* ViewController.swift in Sources */,
				795E6E5E1F83D47000A45FC7 /* AppDelegate.swift in Sources */,
			);
			runOnlyForDeploymentPostprocessing = 0;
		};
		795E6E6B1F83D4A700A45FC7 /* Sources */ = {
			isa = PBXSourcesBuildPhase;
			buildActionMask = 2147483647;
			files = (
				795E6E741F83D4A700A45FC7 /* ViewController.swift in Sources */,
				795E6E721F83D4A700A45FC7 /* AppDelegate.swift in Sources */,
			);
			runOnlyForDeploymentPostprocessing = 0;
		};
/* End PBXSourcesBuildPhase section */

/* Begin PBXVariantGroup section */
		795E6E631F83D47000A45FC7 /* Main.storyboard */ = {
			isa = PBXVariantGroup;
			children = (
				795E6E641F83D47000A45FC7 /* Base */,
			);
			name = Main.storyboard;
			sourceTree = "<group>";
		};
		795E6E751F83D4A700A45FC7 /* Main.storyboard */ = {
			isa = PBXVariantGroup;
			children = (
				795E6E761F83D4A700A45FC7 /* Base */,
			);
			name = Main.storyboard;
			sourceTree = "<group>";
		};
		795E6E7A1F83D4A700A45FC7 /* LaunchScreen.storyboard */ = {
			isa = PBXVariantGroup;
			children = (
				795E6E7B1F83D4A700A45FC7 /* Base */,
			);
			name = LaunchScreen.storyboard;
			sourceTree = "<group>";
		};
/* End PBXVariantGroup section */

/* Begin XCBuildConfiguration section */
		795E6E4B1F83A01F00A45FC7 /* Debug */ = {
			isa = XCBuildConfiguration;
			buildSettings = {
				ALWAYS_SEARCH_USER_PATHS = NO;
				CLANG_ANALYZER_NONNULL = YES;
				CLANG_ANALYZER_NUMBER_OBJECT_CONVERSION = YES_AGGRESSIVE;
				CLANG_CXX_LANGUAGE_STANDARD = "gnu++14";
				CLANG_CXX_LIBRARY = "libc++";
				CLANG_ENABLE_MODULES = YES;
				CLANG_ENABLE_OBJC_ARC = YES;
				CLANG_WARN_BLOCK_CAPTURE_AUTORELEASING = YES;
				CLANG_WARN_BOOL_CONVERSION = YES;
				CLANG_WARN_COMMA = YES;
				CLANG_WARN_CONSTANT_CONVERSION = YES;
				CLANG_WARN_DIRECT_OBJC_ISA_USAGE = YES_ERROR;
				CLANG_WARN_DOCUMENTATION_COMMENTS = YES;
				CLANG_WARN_EMPTY_BODY = YES;
				CLANG_WARN_ENUM_CONVERSION = YES;
				CLANG_WARN_INFINITE_RECURSION = YES;
				CLANG_WARN_INT_CONVERSION = YES;
				CLANG_WARN_NON_LITERAL_NULL_CONVERSION = YES;
				CLANG_WARN_OBJC_LITERAL_CONVERSION = YES;
				CLANG_WARN_OBJC_ROOT_CLASS = YES_ERROR;
				CLANG_WARN_RANGE_LOOP_ANALYSIS = YES;
				CLANG_WARN_STRICT_PROTOTYPES = YES;
				CLANG_WARN_SUSPICIOUS_MOVE = YES;
				CLANG_WARN_UNGUARDED_AVAILABILITY = YES_AGGRESSIVE;
				CLANG_WARN_UNREACHABLE_CODE = YES;
				CLANG_WARN__DUPLICATE_METHOD_MATCH = YES;
				CODE_SIGN_IDENTITY = "Mac Developer";
				COPY_PHASE_STRIP = NO;
				DEBUG_INFORMATION_FORMAT = dwarf;
				ENABLE_STRICT_OBJC_MSGSEND = YES;
				ENABLE_TESTABILITY = YES;
				GCC_C_LANGUAGE_STANDARD = gnu11;
				GCC_DYNAMIC_NO_PIC = NO;
				GCC_NO_COMMON_BLOCKS = YES;
				GCC_OPTIMIZATION_LEVEL = 0;
				GCC_PREPROCESSOR_DEFINITIONS = (
					"DEBUG=1",
					"$(inherited)",
				);
				GCC_WARN_64_TO_32_BIT_CONVERSION = YES;
				GCC_WARN_ABOUT_RETURN_TYPE = YES_ERROR;
				GCC_WARN_UNDECLARED_SELECTOR = YES;
				GCC_WARN_UNINITIALIZED_AUTOS = YES_AGGRESSIVE;
				GCC_WARN_UNUSED_FUNCTION = YES;
				GCC_WARN_UNUSED_VARIABLE = YES;
				MACOSX_DEPLOYMENT_TARGET = 10.12;
				MTL_ENABLE_DEBUG_INFO = YES;
				ONLY_ACTIVE_ARCH = YES;
				SDKROOT = macosx;
				SWIFT_ACTIVE_COMPILATION_CONDITIONS = DEBUG;
				SWIFT_OPTIMIZATION_LEVEL = "-Onone";
			};
			name = Debug;
		};
		795E6E4C1F83A01F00A45FC7 /* Release */ = {
			isa = XCBuildConfiguration;
			buildSettings = {
				ALWAYS_SEARCH_USER_PATHS = NO;
				CLANG_ANALYZER_NONNULL = YES;
				CLANG_ANALYZER_NUMBER_OBJECT_CONVERSION = YES_AGGRESSIVE;
				CLANG_CXX_LANGUAGE_STANDARD = "gnu++14";
				CLANG_CXX_LIBRARY = "libc++";
				CLANG_ENABLE_MODULES = YES;
				CLANG_ENABLE_OBJC_ARC = YES;
				CLANG_WARN_BLOCK_CAPTURE_AUTORELEASING = YES;
				CLANG_WARN_BOOL_CONVERSION = YES;
				CLANG_WARN_COMMA = YES;
				CLANG_WARN_CONSTANT_CONVERSION = YES;
				CLANG_WARN_DIRECT_OBJC_ISA_USAGE = YES_ERROR;
				CLANG_WARN_DOCUMENTATION_COMMENTS = YES;
				CLANG_WARN_EMPTY_BODY = YES;
				CLANG_WARN_ENUM_CONVERSION = YES;
				CLANG_WARN_INFINITE_RECURSION = YES;
				CLANG_WARN_INT_CONVERSION = YES;
				CLANG_WARN_NON_LITERAL_NULL_CONVERSION = YES;
				CLANG_WARN_OBJC_LITERAL_CONVERSION = YES;
				CLANG_WARN_OBJC_ROOT_CLASS = YES_ERROR;
				CLANG_WARN_RANGE_LOOP_ANALYSIS = YES;
				CLANG_WARN_STRICT_PROTOTYPES = YES;
				CLANG_WARN_SUSPICIOUS_MOVE = YES;
				CLANG_WARN_UNGUARDED_AVAILABILITY = YES_AGGRESSIVE;
				CLANG_WARN_UNREACHABLE_CODE = YES;
				CLANG_WARN__DUPLICATE_METHOD_MATCH = YES;
				CODE_SIGN_IDENTITY = "Mac Developer";
				COPY_PHASE_STRIP = NO;
				DEBUG_INFORMATION_FORMAT = "dwarf-with-dsym";
				ENABLE_NS_ASSERTIONS = NO;
				ENABLE_STRICT_OBJC_MSGSEND = YES;
				GCC_C_LANGUAGE_STANDARD = gnu11;
				GCC_NO_COMMON_BLOCKS = YES;
				GCC_WARN_64_TO_32_BIT_CONVERSION = YES;
				GCC_WARN_ABOUT_RETURN_TYPE = YES_ERROR;
				GCC_WARN_UNDECLARED_SELECTOR = YES;
				GCC_WARN_UNINITIALIZED_AUTOS = YES_AGGRESSIVE;
				GCC_WARN_UNUSED_FUNCTION = YES;
				GCC_WARN_UNUSED_VARIABLE = YES;
				MACOSX_DEPLOYMENT_TARGET = 10.12;
				MTL_ENABLE_DEBUG_INFO = NO;
				SDKROOT = macosx;
				SWIFT_OPTIMIZATION_LEVEL = "-Owholemodule";
			};
			name = Release;
		};
		795E6E691F83D47000A45FC7 /* Debug */ = {
			isa = XCBuildConfiguration;
			buildSettings = {
				ASSETCATALOG_COMPILER_APPICON_NAME = AppIcon;
				CODE_SIGN_ENTITLEMENTS = TBOLoger_macOS/TBOLoger_macOS.entitlements;
				CODE_SIGN_STYLE = Automatic;
				COMBINE_HIDPI_IMAGES = YES;
				DEVELOPMENT_TEAM = VY3QK58G7F;
				INFOPLIST_FILE = TBOLoger_macOS/Info.plist;
				LD_RUNPATH_SEARCH_PATHS = "$(inherited) @executable_path/../Frameworks";
				PRODUCT_BUNDLE_IDENTIFIER = "top.tobyotenma.www.TBOLoger-macOS";
				PRODUCT_NAME = "$(TARGET_NAME)";
				SWIFT_VERSION = 4.0;
			};
			name = Debug;
		};
		795E6E6A1F83D47000A45FC7 /* Release */ = {
			isa = XCBuildConfiguration;
			buildSettings = {
				ASSETCATALOG_COMPILER_APPICON_NAME = AppIcon;
				CODE_SIGN_ENTITLEMENTS = TBOLoger_macOS/TBOLoger_macOS.entitlements;
				CODE_SIGN_STYLE = Automatic;
				COMBINE_HIDPI_IMAGES = YES;
				DEVELOPMENT_TEAM = VY3QK58G7F;
				INFOPLIST_FILE = TBOLoger_macOS/Info.plist;
				LD_RUNPATH_SEARCH_PATHS = "$(inherited) @executable_path/../Frameworks";
				PRODUCT_BUNDLE_IDENTIFIER = "top.tobyotenma.www.TBOLoger-macOS";
				PRODUCT_NAME = "$(TARGET_NAME)";
				SWIFT_VERSION = 4.0;
			};
			name = Release;
		};
		795E6E7F1F83D4A700A45FC7 /* Debug */ = {
			isa = XCBuildConfiguration;
			buildSettings = {
				ASSETCATALOG_COMPILER_APPICON_NAME = AppIcon;
				CODE_SIGN_IDENTITY = "iPhone Developer";
				CODE_SIGN_STYLE = Automatic;
				DEVELOPMENT_TEAM = VY3QK58G7F;
				INFOPLIST_FILE = TBOLoger_iOS/Info.plist;
				IPHONEOS_DEPLOYMENT_TARGET = 11.0;
				LD_RUNPATH_SEARCH_PATHS = "$(inherited) @executable_path/Frameworks";
				PRODUCT_BUNDLE_IDENTIFIER = "top.tobyotenma.www.TBOLoger-iOS";
				PRODUCT_NAME = "$(TARGET_NAME)";
				SDKROOT = iphoneos;
				SWIFT_VERSION = 4.0;
				TARGETED_DEVICE_FAMILY = "1,2";
			};
			name = Debug;
		};
		795E6E801F83D4A700A45FC7 /* Release */ = {
			isa = XCBuildConfiguration;
			buildSettings = {
				ASSETCATALOG_COMPILER_APPICON_NAME = AppIcon;
				CODE_SIGN_IDENTITY = "iPhone Developer";
				CODE_SIGN_STYLE = Automatic;
				DEVELOPMENT_TEAM = VY3QK58G7F;
				INFOPLIST_FILE = TBOLoger_iOS/Info.plist;
				IPHONEOS_DEPLOYMENT_TARGET = 11.0;
				LD_RUNPATH_SEARCH_PATHS = "$(inherited) @executable_path/Frameworks";
				PRODUCT_BUNDLE_IDENTIFIER = "top.tobyotenma.www.TBOLoger-iOS";
				PRODUCT_NAME = "$(TARGET_NAME)";
				SDKROOT = iphoneos;
				SWIFT_VERSION = 4.0;
				TARGETED_DEVICE_FAMILY = "1,2";
				VALIDATE_PRODUCT = YES;
			};
			name = Release;
		};
/* End XCBuildConfiguration section */

/* Begin XCConfigurationList section */
		795E6E381F83A01F00A45FC7 /* Build configuration list for PBXProject "Example" */ = {
			isa = XCConfigurationList;
			buildConfigurations = (
				795E6E4B1F83A01F00A45FC7 /* Debug */,
				795E6E4C1F83A01F00A45FC7 /* Release */,
			);
			defaultConfigurationIsVisible = 0;
			defaultConfigurationName = Release;
		};
		795E6E681F83D47000A45FC7 /* Build configuration list for PBXNativeTarget "TBOLoger_macOS" */ = {
			isa = XCConfigurationList;
			buildConfigurations = (
				795E6E691F83D47000A45FC7 /* Debug */,
				795E6E6A1F83D47000A45FC7 /* Release */,
			);
			defaultConfigurationIsVisible = 0;
			defaultConfigurationName = Release;
		};
		795E6E7E1F83D4A700A45FC7 /* Build configuration list for PBXNativeTarget "TBOLoger_iOS" */ = {
			isa = XCConfigurationList;
			buildConfigurations = (
				795E6E7F1F83D4A700A45FC7 /* Debug */,
				795E6E801F83D4A700A45FC7 /* Release */,
			);
			defaultConfigurationIsVisible = 0;
			defaultConfigurationName = Release;
		};
/* End XCConfigurationList section */
	};
	rootObject = 795E6E351F83A01F00A45FC7 /* Project object */;
}
